
Microsoft Visual Studio Solution File, Format Version 12.00
# Visual Studio Version 17
VisualStudioVersion = 17.2.32630.192
MinimumVisualStudioVersion = 10.0.40.0.1-dev219.1
Project("{9A19103F-16F7-4668-BE54-9A1E7A4F7556}") = "Mutagen.Bethesda.Serialization", "Mutagen.Bethesda.Serialization\Mutagen.Bethesda.Serialization.csproj", "{FBB8560A-BF9E-4B9B-97D0-41A79EB1C749}"
EndProject
Project("{9A19103F-16F7-4668-BE54-9A1E7A4F7556}") = "Mutagen.Bethesda.Serialization.Newtonsoft", "Mutagen.Bethesda.Serialization.Newtonsoft\Mutagen.Bethesda.Serialization.Newtonsoft.csproj", "{9C5AF60C-8958-40B8-84ED-B0CA99F78D1D}"
EndProject
Project("{9A19103F-16F7-4668-BE54-9A1E7A4F7556}") = "Mutagen.Bethesda.Serialization.Yaml", "Mutagen.Bethesda.Serialization.Yaml\Mutagen.Bethesda.Serialization.Yaml.csproj", "{4978B0B9-2671-4488-ACD3-401F86647844}"
EndProject
Project("{9A19103F-16F7-4668-BE54-9A1E7A4F7556}") = "Mutagen.Bethesda.Serialization.SourceGenerator.Tests", "Mutagen.Bethesda.Serialization.SourceGenerator.Tests\Mutagen.Bethesda.Serialization.SourceGenerator.Tests.csproj", "{FE66D4D2-0196-4949-9BFE-196174207999}"
EndProject
Project("{FAE04EC0-301F-11D3-BF4B-00C04F79EFBC}") = "Mutagen.Bethesda.Serialization.SourceGenerator", "Mutagen.Bethesda.Serialization.SourceGenerator\Mutagen.Bethesda.Serialization.SourceGenerator.csproj", "{7BB9DFCB-A9E4-432D-9967-EE34B900B6BC}"
EndProject
Project("{2150E333-8FDC-42A3-9474-1A3956D46DE8}") = "Solution Items", "Solution Items", "{0D77052B-5344-4737-B6C6-3D2F93FE6C0A}"
	ProjectSection(SolutionItems) = preProject
		.editorconfig = .editorconfig
		.gitignore = .gitignore
		Directory.Build.props = Directory.Build.props
		Directory.Build.targets = Directory.Build.targets
		Directory.Packages.props = Directory.Packages.props
	EndProjectSection
EndProject
Project("{FAE04EC0-301F-11D3-BF4B-00C04F79EFBC}") = "Noggog.Verify.FileAbstractions", "Noggog.Verify.FileAbstractions\Noggog.Verify.FileAbstractions.csproj", "{43565439-C30C-4E84-86F7-15398ADCD130}"
EndProject
Project("{FAE04EC0-301F-11D3-BF4B-00C04F79EFBC}") = "Mutagen.Bethesda.Serialization.Tests", "Mutagen.Bethesda.Serialization.Tests\Mutagen.Bethesda.Serialization.Tests.csproj", "{434A6AB5-4202-4436-B6BE-34B642FDD26F}"
EndProject
Global
	GlobalSection(SolutionConfigurationPlatforms) = preSolution
		Debug|Any CPU = Debug|Any CPU
		Release|Any CPU = Release|Any CPU
	EndGlobalSection
	GlobalSection(ProjectConfigurationPlatforms) = postSolution
		{FBB8560A-BF9E-4B9B-97D0-41A79EB1C749}.Debug|Any CPU.ActiveCfg = Debug|Any CPU
		{FBB8560A-BF9E-4B9B-97D0-41A79EB1C749}.Debug|Any CPU.Build.0 = Debug|Any CPU
		{FBB8560A-BF9E-4B9B-97D0-41A79EB1C749}.Release|Any CPU.ActiveCfg = Release|Any CPU
		{FBB8560A-BF9E-4B9B-97D0-41A79EB1C749}.Release|Any CPU.Build.0 = Release|Any CPU
		{9C5AF60C-8958-40B8-84ED-B0CA99F78D1D}.Debug|Any CPU.ActiveCfg = Debug|Any CPU
		{9C5AF60C-8958-40B8-84ED-B0CA99F78D1D}.Debug|Any CPU.Build.0 = Debug|Any CPU
		{9C5AF60C-8958-40B8-84ED-B0CA99F78D1D}.Release|Any CPU.ActiveCfg = Release|Any CPU
		{9C5AF60C-8958-40B8-84ED-B0CA99F78D1D}.Release|Any CPU.Build.0 = Release|Any CPU
		{4978B0B9-2671-4488-ACD3-401F86647844}.Debug|Any CPU.ActiveCfg = Debug|Any CPU
		{4978B0B9-2671-4488-ACD3-401F86647844}.Debug|Any CPU.Build.0 = Debug|Any CPU
		{4978B0B9-2671-4488-ACD3-401F86647844}.Release|Any CPU.ActiveCfg = Release|Any CPU
		{4978B0B9-2671-4488-ACD3-401F86647844}.Release|Any CPU.Build.0 = Release|Any CPU
		{FE66D4D2-0196-4949-9BFE-196174207999}.Debug|Any CPU.ActiveCfg = Debug|Any CPU
		{FE66D4D2-0196-4949-9BFE-196174207999}.Debug|Any CPU.Build.0 = Debug|Any CPU
		{FE66D4D2-0196-4949-9BFE-196174207999}.Release|Any CPU.ActiveCfg = Release|Any CPU
		{FE66D4D2-0196-4949-9BFE-196174207999}.Release|Any CPU.Build.0 = Release|Any CPU
		{7BB9DFCB-A9E4-432D-9967-EE34B900B6BC}.Debug|Any CPU.ActiveCfg = Debug|Any CPU
		{7BB9DFCB-A9E4-432D-9967-EE34B900B6BC}.Debug|Any CPU.Build.0 = Debug|Any CPU
		{7BB9DFCB-A9E4-432D-9967-EE34B900B6BC}.Release|Any CPU.ActiveCfg = Release|Any CPU
		{7BB9DFCB-A9E4-432D-9967-EE34B900B6BC}.Release|Any CPU.Build.0 = Release|Any CPU
		{43565439-C30C-4E84-86F7-15398ADCD130}.Debug|Any CPU.ActiveCfg = Debug|Any CPU
		{43565439-C30C-4E84-86F7-15398ADCD130}.Debug|Any CPU.Build.0 = Debug|Any CPU
		{43565439-C30C-4E84-86F7-15398ADCD130}.Release|Any CPU.ActiveCfg = Release|Any CPU
		{43565439-C30C-4E84-86F7-15398ADCD130}.Release|Any CPU.Build.0 = Release|Any CPU
		{434A6AB5-4202-4436-B6BE-34B642FDD26F}.Debug|Any CPU.ActiveCfg = Debug|Any CPU
		{434A6AB5-4202-4436-B6BE-34B642FDD26F}.Debug|Any CPU.Build.0 = Debug|Any CPU
		{434A6AB5-4202-4436-B6BE-34B642FDD26F}.Release|Any CPU.ActiveCfg = Release|Any CPU
		{434A6AB5-4202-4436-B6BE-34B642FDD26F}.Release|Any CPU.Build.0 = Release|Any CPU
	EndGlobalSection
	GlobalSection(SolutionProperties) = preSolution
		HideSolutionNode = FALSE
	EndGlobalSection
	GlobalSection(ExtensibilityGlobals) = postSolution
		SolutionGuid = {2FEC7F8B-C589-44E1-B120-C47CEA999A7F}
	EndGlobalSection
EndGlobal
