
Microsoft Visual Studio Solution File, Format Version 12.00
Project("{FAE04EC0-301F-11D3-BF4B-00C04F79EFBC}") = "Mutagen.Bethesda.Serialization.Tests", "Mutagen.Bethesda.Serialization.Tests\Mutagen.Bethesda.Serialization.Tests.csproj", "{03CA1DDF-C2A8-4316-AA12-CA195471F419}"
EndProject
Global
	GlobalSection(SolutionConfigurationPlatforms) = preSolution
		Debug|Any CPU = Debug|Any CPU
		Release|Any CPU = Release|Any CPU
	EndGlobalSection
	GlobalSection(ProjectConfigurationPlatforms) = postSolution
		{03CA1DDF-C2A8-4316-AA12-CA195471F419}.Debug|Any CPU.ActiveCfg = Debug|Any CPU
		{03CA1DDF-C2A8-4316-AA12-CA195471F419}.Debug|Any CPU.Build.0 = Debug|Any CPU
		{03CA1DDF-C2A8-4316-AA12-CA195471F419}.Release|Any CPU.ActiveCfg = Release|Any CPU
		{03CA1DDF-C2A8-4316-AA12-CA195471F419}.Release|Any CPU.Build.0 = Release|Any CPU
	EndGlobalSection
EndGlobal
