
Microsoft Visual Studio Solution File, Format Version 12.00
Project("{FAE04EC0-301F-11D3-BF4B-00C04F79EFBC}") = "Mutagen.Bethesda.Serialization", "Mutagen.Bethesda.Serialization\Mutagen.Bethesda.Serialization.csproj", "{FBB8560A-BF9E-4B9B-97D0-41A79EB1C749}"
EndProject
Project("{FAE04EC0-301F-11D3-BF4B-00C04F79EFBC}") = "Mutagen.Bethesda.Serialization.Newtonsoft", "Mutagen.Bethesda.Serialization.Newtonsoft\Mutagen.Bethesda.Serialization.Newtonsoft.csproj", "{9C5AF60C-8958-40B8-84ED-B0CA99F78D1D}"
EndProject
Project("{FAE04EC0-301F-11D3-BF4B-00C04F79EFBC}") = "Mutagen.Bethesda.Serialization.Yaml", "Mutagen.Bethesda.Serialization.Yaml\Mutagen.Bethesda.Serialization.Yaml.csproj", "{4978B0B9-2671-4488-ACD3-401F86647844}"
EndProject
Project("{FAE04EC0-301F-11D3-BF4B-00C04F79EFBC}") = "Mutagen.Bethesda.Serialization.Tests", "Mutagen.Bethesda.Serialization.Tests\Mutagen.Bethesda.Serialization.Tests.csproj", "{B7FC5EFD-F201-427D-82DA-AC5F21AE2080}"
EndProject
Project("{FAE04EC0-301F-11D3-BF4B-00C04F79EFBC}") = "Mutagen.Bethesda.Serialization.SourceGenerator", "Mutagen.Bethesda.Serialization.SourceGenerator\Mutagen.Bethesda.Serialization.SourceGenerator.csproj", "{A2563675-0FEF-49AE-A918-5F34A3B9920D}"
EndProject
Global
	GlobalSection(SolutionConfigurationPlatforms) = preSolution
		Debug|Any CPU = Debug|Any CPU
		Release|Any CPU = Release|Any CPU
	EndGlobalSection
	GlobalSection(ProjectConfigurationPlatforms) = postSolution
		{FBB8560A-BF9E-4B9B-97D0-41A79EB1C749}.Debug|Any CPU.ActiveCfg = Debug|Any CPU
		{FBB8560A-BF9E-4B9B-97D0-41A79EB1C749}.Debug|Any CPU.Build.0 = Debug|Any CPU
		{FBB8560A-BF9E-4B9B-97D0-41A79EB1C749}.Release|Any CPU.ActiveCfg = Release|Any CPU
		{FBB8560A-BF9E-4B9B-97D0-41A79EB1C749}.Release|Any CPU.Build.0 = Release|Any CPU
		{9C5AF60C-8958-40B8-84ED-B0CA99F78D1D}.Debug|Any CPU.ActiveCfg = Debug|Any CPU
		{9C5AF60C-8958-40B8-84ED-B0CA99F78D1D}.Debug|Any CPU.Build.0 = Debug|Any CPU
		{9C5AF60C-8958-40B8-84ED-B0CA99F78D1D}.Release|Any CPU.ActiveCfg = Release|Any CPU
		{9C5AF60C-8958-40B8-84ED-B0CA99F78D1D}.Release|Any CPU.Build.0 = Release|Any CPU
		{4978B0B9-2671-4488-ACD3-401F86647844}.Debug|Any CPU.ActiveCfg = Debug|Any CPU
		{4978B0B9-2671-4488-ACD3-401F86647844}.Debug|Any CPU.Build.0 = Debug|Any CPU
		{4978B0B9-2671-4488-ACD3-401F86647844}.Release|Any CPU.ActiveCfg = Release|Any CPU
		{4978B0B9-2671-4488-ACD3-401F86647844}.Release|Any CPU.Build.0 = Release|Any CPU
		{B7FC5EFD-F201-427D-82DA-AC5F21AE2080}.Debug|Any CPU.ActiveCfg = Debug|Any CPU
		{B7FC5EFD-F201-427D-82DA-AC5F21AE2080}.Debug|Any CPU.Build.0 = Debug|Any CPU
		{B7FC5EFD-F201-427D-82DA-AC5F21AE2080}.Release|Any CPU.ActiveCfg = Release|Any CPU
		{B7FC5EFD-F201-427D-82DA-AC5F21AE2080}.Release|Any CPU.Build.0 = Release|Any CPU
		{A2563675-0FEF-49AE-A918-5F34A3B9920D}.Debug|Any CPU.ActiveCfg = Debug|Any CPU
		{A2563675-0FEF-49AE-A918-5F34A3B9920D}.Debug|Any CPU.Build.0 = Debug|Any CPU
		{A2563675-0FEF-49AE-A918-5F34A3B9920D}.Release|Any CPU.ActiveCfg = Release|Any CPU
		{A2563675-0FEF-49AE-A918-5F34A3B9920D}.Release|Any CPU.Build.0 = Release|Any CPU
	EndGlobalSection
EndGlobal
